
Microsoft Visual Studio Solution File, Format Version 12.00
# Visual Studio Version 16
VisualStudioVersion = 16.0.30309.148
MinimumVisualStudioVersion = 10.0.40219.1
Project("{FAE04EC0-301F-11D3-BF4B-00C04F79EFBC}") = "StudentSIMS", "StudentSIMS\StudentSIMS.csproj", "{0B73756D-9EF9-4A96-9201-15E13B84B72A}"
EndProject
Global
	GlobalSection(SolutionConfigurationPlatforms) = preSolution
		Debug|Any CPU = Debug|Any CPU
		Release|Any CPU = Release|Any CPU
	EndGlobalSection
	GlobalSection(ProjectConfigurationPlatforms) = postSolution
		{0B73756D-9EF9-4A96-9201-15E13B84B72A}.Debug|Any CPU.ActiveCfg = Debug|Any CPU
		{0B73756D-9EF9-4A96-9201-15E13B84B72A}.Debug|Any CPU.Build.0 = Debug|Any CPU
		{0B73756D-9EF9-4A96-9201-15E13B84B72A}.Release|Any CPU.ActiveCfg = Release|Any CPU
		{0B73756D-9EF9-4A96-9201-15E13B84B72A}.Release|Any CPU.Build.0 = Release|Any CPU
	EndGlobalSection
	GlobalSection(SolutionProperties) = preSolution
		HideSolutionNode = FALSE
	EndGlobalSection
	GlobalSection(ExtensibilityGlobals) = postSolution
		SolutionGuid = {E7ACBFF9-B376-4AE2-90DB-7FED53E8E60F}
	EndGlobalSection
EndGlobal
